
Microsoft Visual Studio Solution File, Format Version 12.00
# Visual Studio Version 17
VisualStudioVersion = 17.3.32922.545
MinimumVisualStudioVersion = 10.0.40219.1
Project("{9A19103F-16F7-4668-BE54-9A1E7A4F7556}") = "BlazorShop.Web", "BlazorShop.Web\BlazorShop.Web.csproj", "{DA2CE70A-6312-427F-A518-E9A8CBC3A33E}"
EndProject
Project("{9A19103F-16F7-4668-BE54-9A1E7A4F7556}") = "BlazorShop.API", "BlazorShop.API\BlazorShop.API.csproj", "{673E0A2E-95F6-43F0-A214-1BE1DEAAD44C}"
EndProject
Project("{FAE04EC0-301F-11D3-BF4B-00C04F79EFBC}") = "BlazorShop.Models", "BlazorShop.Models\BlazorShop.Models.csproj", "{C9BCB4EE-16AD-4315-9498-CE4080AAB203}"
EndProject
Global
	GlobalSection(SolutionConfigurationPlatforms) = preSolution
		Debug|Any CPU = Debug|Any CPU
		Release|Any CPU = Release|Any CPU
	EndGlobalSection
	GlobalSection(ProjectConfigurationPlatforms) = postSolution
		{DA2CE70A-6312-427F-A518-E9A8CBC3A33E}.Debug|Any CPU.ActiveCfg = Debug|Any CPU
		{DA2CE70A-6312-427F-A518-E9A8CBC3A33E}.Debug|Any CPU.Build.0 = Debug|Any CPU
		{DA2CE70A-6312-427F-A518-E9A8CBC3A33E}.Release|Any CPU.ActiveCfg = Release|Any CPU
		{DA2CE70A-6312-427F-A518-E9A8CBC3A33E}.Release|Any CPU.Build.0 = Release|Any CPU
		{673E0A2E-95F6-43F0-A214-1BE1DEAAD44C}.Debug|Any CPU.ActiveCfg = Debug|Any CPU
		{673E0A2E-95F6-43F0-A214-1BE1DEAAD44C}.Debug|Any CPU.Build.0 = Debug|Any CPU
		{673E0A2E-95F6-43F0-A214-1BE1DEAAD44C}.Release|Any CPU.ActiveCfg = Release|Any CPU
		{673E0A2E-95F6-43F0-A214-1BE1DEAAD44C}.Release|Any CPU.Build.0 = Release|Any CPU
		{C9BCB4EE-16AD-4315-9498-CE4080AAB203}.Debug|Any CPU.ActiveCfg = Debug|Any CPU
		{C9BCB4EE-16AD-4315-9498-CE4080AAB203}.Debug|Any CPU.Build.0 = Debug|Any CPU
		{C9BCB4EE-16AD-4315-9498-CE4080AAB203}.Release|Any CPU.ActiveCfg = Release|Any CPU
		{C9BCB4EE-16AD-4315-9498-CE4080AAB203}.Release|Any CPU.Build.0 = Release|Any CPU
	EndGlobalSection
	GlobalSection(SolutionProperties) = preSolution
		HideSolutionNode = FALSE
	EndGlobalSection
	GlobalSection(ExtensibilityGlobals) = postSolution
		SolutionGuid = {DEADA229-38AE-44CF-8027-1F03DBC0DE16}
	EndGlobalSection
EndGlobal
